
Microsoft Visual Studio Solution File, Format Version 12.00
# Visual Studio 2012
Project("{FAE04EC0-301F-11D3-BF4B-00C04F79EFBC}") = "Dilemma.Web", "Dilemma.Web\Dilemma.Web.csproj", "{6BF42FF8-D78D-48FE-8C74-6FC4A75AF610}"
EndProject
Project("{FAE04EC0-301F-11D3-BF4B-00C04F79EFBC}") = "Dilemma.Initialization", "Dilemma.Initialization\Dilemma.Initialization.csproj", "{23333DCD-40C6-47BC-BCA2-D76F54C4E763}"
EndProject
Project("{FAE04EC0-301F-11D3-BF4B-00C04F79EFBC}") = "Dilemma.ViewModels", "Dilemma.ViewModels\Dilemma.ViewModels.csproj", "{2170E2EA-2976-4186-9B7A-536737139A61}"
EndProject
Global
	GlobalSection(SolutionConfigurationPlatforms) = preSolution
		Debug|Any CPU = Debug|Any CPU
		Release|Any CPU = Release|Any CPU
	EndGlobalSection
	GlobalSection(ProjectConfigurationPlatforms) = postSolution
		{6BF42FF8-D78D-48FE-8C74-6FC4A75AF610}.Debug|Any CPU.ActiveCfg = Debug|Any CPU
		{6BF42FF8-D78D-48FE-8C74-6FC4A75AF610}.Debug|Any CPU.Build.0 = Debug|Any CPU
		{6BF42FF8-D78D-48FE-8C74-6FC4A75AF610}.Release|Any CPU.ActiveCfg = Release|Any CPU
		{6BF42FF8-D78D-48FE-8C74-6FC4A75AF610}.Release|Any CPU.Build.0 = Release|Any CPU
		{23333DCD-40C6-47BC-BCA2-D76F54C4E763}.Debug|Any CPU.ActiveCfg = Debug|Any CPU
		{23333DCD-40C6-47BC-BCA2-D76F54C4E763}.Debug|Any CPU.Build.0 = Debug|Any CPU
		{23333DCD-40C6-47BC-BCA2-D76F54C4E763}.Release|Any CPU.ActiveCfg = Release|Any CPU
		{23333DCD-40C6-47BC-BCA2-D76F54C4E763}.Release|Any CPU.Build.0 = Release|Any CPU
		{2170E2EA-2976-4186-9B7A-536737139A61}.Debug|Any CPU.ActiveCfg = Debug|Any CPU
		{2170E2EA-2976-4186-9B7A-536737139A61}.Debug|Any CPU.Build.0 = Debug|Any CPU
		{2170E2EA-2976-4186-9B7A-536737139A61}.Release|Any CPU.ActiveCfg = Release|Any CPU
		{2170E2EA-2976-4186-9B7A-536737139A61}.Release|Any CPU.Build.0 = Release|Any CPU
	EndGlobalSection
	GlobalSection(SolutionProperties) = preSolution
		HideSolutionNode = FALSE
	EndGlobalSection
EndGlobal
