
Microsoft Visual Studio Solution File, Format Version 12.00
# Visual Studio 2012
Project("{FAE04EC0-301F-11D3-BF4B-00C04F79EFBC}") = "Dilemma.Web", "Dilemma.Web\Dilemma.Web.csproj", "{DF3559CC-7C2E-4F8B-843B-FDCC7404344D}"
EndProject
Global
	GlobalSection(SolutionConfigurationPlatforms) = preSolution
		Debug|Any CPU = Debug|Any CPU
		Release|Any CPU = Release|Any CPU
	EndGlobalSection
	GlobalSection(ProjectConfigurationPlatforms) = postSolution
		{DF3559CC-7C2E-4F8B-843B-FDCC7404344D}.Debug|Any CPU.ActiveCfg = Debug|Any CPU
		{DF3559CC-7C2E-4F8B-843B-FDCC7404344D}.Debug|Any CPU.Build.0 = Debug|Any CPU
		{DF3559CC-7C2E-4F8B-843B-FDCC7404344D}.Release|Any CPU.ActiveCfg = Release|Any CPU
		{DF3559CC-7C2E-4F8B-843B-FDCC7404344D}.Release|Any CPU.Build.0 = Release|Any CPU
	EndGlobalSection
	GlobalSection(SolutionProperties) = preSolution
		HideSolutionNode = FALSE
	EndGlobalSection
EndGlobal
